// !$*UTF8*$!
{
	archiveVersion = 1;
	classes = {
	};
	objectVersion = 56;
	objects = {

/* Begin PBXBuildFile section */
		A01 /* DynocardsApp.swift in Sources */ = {isa = PBXBuildFile; fileRef = B01 /* DynocardsApp.swift */; };
		A02 /* ContentView.swift in Sources */ = {isa = PBXBuildFile; fileRef = B02 /* ContentView.swift */; };
		A03 /* Flashcard.swift in Sources */ = {isa = PBXBuildFile; fileRef = B03 /* Flashcard.swift */; };
		A04 /* User.swift in Sources */ = {isa = PBXBuildFile; fileRef = B04 /* User.swift */; };
		A05 /* CoreDataManager.swift in Sources */ = {isa = PBXBuildFile; fileRef = B05 /* CoreDataManager.swift */; };
		A06 /* AIService.swift in Sources */ = {isa = PBXBuildFile; fileRef = B06 /* AIService.swift */; };
		A07 /* AudioService.swift in Sources */ = {isa = PBXBuildFile; fileRef = B07 /* AudioService.swift */; };
		A08 /* NotificationService.swift in Sources */ = {isa = PBXBuildFile; fileRef = B08 /* NotificationService.swift */; };
		A09 /* HomeView.swift in Sources */ = {isa = PBXBuildFile; fileRef = B09 /* HomeView.swift */; };
		A10 /* AddWordView.swift in Sources */ = {isa = PBXBuildFile; fileRef = B10 /* AddWordView.swift */; };
		A11 /* StudyView.swift in Sources */ = {isa = PBXBuildFile; fileRef = B11 /* StudyView.swift */; };
		A12 /* DashboardView.swift in Sources */ = {isa = PBXBuildFile; fileRef = B12 /* DashboardView.swift */; };
		A13 /* SettingsView.swift in Sources */ = {isa = PBXBuildFile; fileRef = B13 /* SettingsView.swift */; };
		A14 /* Extensions.swift in Sources */ = {isa = PBXBuildFile; fileRef = B14 /* Extensions.swift */; };
		A15 /* Constants.swift in Sources */ = {isa = PBXBuildFile; fileRef = B15 /* Constants.swift */; };
		A16 /* StudySessionViewModel.swift in Sources */ = {isa = PBXBuildFile; fileRef = B16 /* StudySessionViewModel.swift */; };
		A17 /* Dynocards.xcdatamodeld in Sources */ = {isa = PBXBuildFile; fileRef = B17 /* Dynocards.xcdatamodeld */; };
		A18 /* SharedComponents.swift in Sources */ = {isa = PBXBuildFile; fileRef = B20 /* SharedComponents.swift */; };
		A19 /* AllCardsView.swift in Sources */ = {isa = PBXBuildFile; fileRef = B21 /* AllCardsView.swift */; };
		A20 /* ExportDataView.swift in Sources */ = {isa = PBXBuildFile; fileRef = B22 /* ExportDataView.swift */; };
		A21 /* SubscriptionView.swift in Sources */ = {isa = PBXBuildFile; fileRef = B23 /* SubscriptionView.swift */; };
		A22 /* Config.plist in Resources */ = {isa = PBXBuildFile; fileRef = B24 /* Config.plist */; };
		A23 /* CelebrationView.swift in Sources */ = {isa = PBXBuildFile; fileRef = B25 /* CelebrationView.swift */; };
		A24 /* ExamSession.swift in Sources */ = {isa = PBXBuildFile; fileRef = B26 /* ExamSession.swift */; };
		A25 /* AllWordsView.swift in Sources */ = {isa = PBXBuildFile; fileRef = B27 /* AllWordsView.swift */; };
/* End PBXBuildFile section */

/* Begin PBXFileReference section */
		APP /* Dynocards.app */ = {isa = PBXFileReference; explicitFileType = wrapper.application; includeInIndex = 0; path = Dynocards.app; sourceTree = BUILT_PRODUCTS_DIR; };
		B01 /* DynocardsApp.swift */ = {isa = PBXFileReference; lastKnownFileType = sourcecode.swift; path = DynocardsApp.swift; sourceTree = "<group>"; };
		B02 /* ContentView.swift */ = {isa = PBXFileReference; lastKnownFileType = sourcecode.swift; path = ContentView.swift; sourceTree = "<group>"; };
		B03 /* Flashcard.swift */ = {isa = PBXFileReference; lastKnownFileType = sourcecode.swift; path = Flashcard.swift; sourceTree = "<group>"; };
		B04 /* User.swift */ = {isa = PBXFileReference; lastKnownFileType = sourcecode.swift; path = User.swift; sourceTree = "<group>"; };
		B05 /* CoreDataManager.swift */ = {isa = PBXFileReference; lastKnownFileType = sourcecode.swift; path = CoreDataManager.swift; sourceTree = "<group>"; };
		B06 /* AIService.swift */ = {isa = PBXFileReference; lastKnownFileType = sourcecode.swift; path = AIService.swift; sourceTree = "<group>"; };
		B07 /* AudioService.swift */ = {isa = PBXFileReference; lastKnownFileType = sourcecode.swift; path = AudioService.swift; sourceTree = "<group>"; };
		B08 /* NotificationService.swift */ = {isa = PBXFileReference; lastKnownFileType = sourcecode.swift; path = NotificationService.swift; sourceTree = "<group>"; };
		B09 /* HomeView.swift */ = {isa = PBXFileReference; lastKnownFileType = sourcecode.swift; path = HomeView.swift; sourceTree = "<group>"; };
		B10 /* AddWordView.swift */ = {isa = PBXFileReference; lastKnownFileType = sourcecode.swift; path = AddWordView.swift; sourceTree = "<group>"; };
		B11 /* StudyView.swift */ = {isa = PBXFileReference; lastKnownFileType = sourcecode.swift; path = StudyView.swift; sourceTree = "<group>"; };
		B12 /* DashboardView.swift */ = {isa = PBXFileReference; lastKnownFileType = sourcecode.swift; path = DashboardView.swift; sourceTree = "<group>"; };
		B13 /* SettingsView.swift */ = {isa = PBXFileReference; lastKnownFileType = sourcecode.swift; path = SettingsView.swift; sourceTree = "<group>"; };
		B14 /* Extensions.swift */ = {isa = PBXFileReference; lastKnownFileType = sourcecode.swift; path = Extensions.swift; sourceTree = "<group>"; };
		B15 /* Constants.swift */ = {isa = PBXFileReference; lastKnownFileType = sourcecode.swift; path = Constants.swift; sourceTree = "<group>"; };
		B16 /* StudySessionViewModel.swift */ = {isa = PBXFileReference; lastKnownFileType = sourcecode.swift; path = StudySessionViewModel.swift; sourceTree = "<group>"; };
		B17 /* Dynocards.xcdatamodeld */ = {isa = PBXFileReference; lastKnownFileType = wrapper.xcdatamodel; path = Dynocards.xcdatamodeld; sourceTree = "<group>"; };
		B18 /* Info.plist */ = {isa = PBXFileReference; lastKnownFileType = text.plist.xml; path = Info.plist; sourceTree = "<group>"; };
		B19 /* Dynocards.xcdatamodel */ = {isa = PBXFileReference; lastKnownFileType = wrapper.xcdatamodel; path = Dynocards.xcdatamodel; sourceTree = "<group>"; };
		B20 /* SharedComponents.swift */ = {isa = PBXFileReference; lastKnownFileType = sourcecode.swift; path = SharedComponents.swift; sourceTree = "<group>"; };
		B21 /* AllCardsView.swift */ = {isa = PBXFileReference; lastKnownFileType = sourcecode.swift; path = AllCardsView.swift; sourceTree = "<group>"; };
		B22 /* ExportDataView.swift */ = {isa = PBXFileReference; lastKnownFileType = sourcecode.swift; path = ExportDataView.swift; sourceTree = "<group>"; };
		B23 /* SubscriptionView.swift */ = {isa = PBXFileReference; lastKnownFileType = sourcecode.swift; path = SubscriptionView.swift; sourceTree = "<group>"; };
		B24 /* Config.plist */ = {isa = PBXFileReference; lastKnownFileType = text.plist.xml; path = Config.plist; sourceTree = "<group>"; };
		B25 /* CelebrationView.swift */ = {isa = PBXFileReference; lastKnownFileType = sourcecode.swift; path = CelebrationView.swift; sourceTree = "<group>"; };
		B26 /* ExamSession.swift */ = {isa = PBXFileReference; lastKnownFileType = sourcecode.swift; path = ExamSession.swift; sourceTree = "<group>"; };
		B27 /* AllWordsView.swift */ = {isa = PBXFileReference; lastKnownFileType = sourcecode.swift; path = AllWordsView.swift; sourceTree = "<group>"; };
/* End PBXFileReference section */

/* Begin PBXFrameworksBuildPhase section */
		FRAMEWORKS /* Frameworks */ = {
			isa = PBXFrameworksBuildPhase;
			buildActionMask = 2147483647;
			files = (
			);
			runOnlyForDeploymentPostprocessing = 0;
		};
/* End PBXFrameworksBuildPhase section */

/* Begin PBXGroup section */
		ROOT = {
			isa = PBXGroup;
			children = (
				MAIN /* Dynocards */,
				PRODUCTS /* Products */,
			);
			sourceTree = "<group>";
		};
		MAIN /* Dynocards */ = {
			isa = PBXGroup;
			children = (
				B01 /* DynocardsApp.swift */,
				B02 /* ContentView.swift */,
				MODELS /* Models */,
				VIEWS /* Views */,
				VIEWMODELS /* ViewModels */,
				SERVICES /* Services */,
				UTILS /* Utils */,
				B17 /* Dynocards.xcdatamodeld */,
				B18 /* Info.plist */,
				B24 /* Config.plist */,
			);
			path = Dynocards;
			sourceTree = "<group>";
		};
		PRODUCTS /* Products */ = {
			isa = PBXGroup;
			children = (
				APP /* Dynocards.app */,
			);
			name = Products;
			sourceTree = "<group>";
		};
		MODELS /* Models */ = {
			isa = PBXGroup;
			children = (
				B03 /* Flashcard.swift */,
				B04 /* User.swift */,
				B26 /* ExamSession.swift */,
			);
			path = Models;
			sourceTree = "<group>";
		};
		VIEWS /* Views */ = {
			isa = PBXGroup;
			children = (
				B09 /* HomeView.swift */,
				B10 /* AddWordView.swift */,
				B11 /* StudyView.swift */,
				B12 /* DashboardView.swift */,
				B13 /* SettingsView.swift */,
				B21 /* AllCardsView.swift */,
				B22 /* ExportDataView.swift */,
				B23 /* SubscriptionView.swift */,
				B27 /* AllWordsView.swift */,
			);
			path = Views;
			sourceTree = "<group>";
		};
		VIEWMODELS /* ViewModels */ = {
			isa = PBXGroup;
			children = (
				B16 /* StudySessionViewModel.swift */,
			);
			path = ViewModels;
			sourceTree = "<group>";
		};
		SERVICES /* Services */ = {
			isa = PBXGroup;
			children = (
				B05 /* CoreDataManager.swift */,
				B06 /* AIService.swift */,
				B07 /* AudioService.swift */,
				B08 /* NotificationService.swift */,
			);
			path = Services;
			sourceTree = "<group>";
		};
		UTILS /* Utils */ = {
			isa = PBXGroup;
			children = (
				B14 /* Extensions.swift */,
				B15 /* Constants.swift */,
				B20 /* SharedComponents.swift */,
				B25 /* CelebrationView.swift */,
			);
			path = Utils;
			sourceTree = "<group>";
		};
/* End PBXGroup section */

/* Begin PBXNativeTarget section */
		TARGET /* Dynocards */ = {
			isa = PBXNativeTarget;
			buildConfigurationList = TARGETCONFIG /* Build configuration list for PBXNativeTarget "Dynocards" */;
			buildPhases = (
				SOURCES /* Sources */,
				FRAMEWORKS /* Frameworks */,
				RESOURCES /* Resources */,
			);
			buildRules = (
			);
			dependencies = (
			);
			name = Dynocards;
			productName = Dynocards;
			productReference = APP /* Dynocards.app */;
			productType = "com.apple.product-type.application";
		};
/* End PBXNativeTarget section */

/* Begin PBXProject section */
		PROJECT /* Project object */ = {
			isa = PBXProject;
			attributes = {
				BuildIndependentTargetsInParallel = 1;
				LastSwiftUpdateCheck = 1600;
				LastUpgradeCheck = 1600;
				TargetAttributes = {
					TARGET = {
						CreatedOnToolsVersion = 16.0;
					};
				};
			};
			buildConfigurationList = PROJECTCONFIG /* Build configuration list for PBXProject "Dynocards" */;
			compatibilityVersion = "Xcode 14.0";
			developmentRegion = en;
			hasScannedForEncodings = 0;
			knownRegions = (
				en,
				Base,
			);
			mainGroup = ROOT;
			productRefGroup = PRODUCTS /* Products */;
			projectDirPath = "";
			projectRoot = "";
			targets = (
				TARGET /* Dynocards */,
			);
		};
/* End PBXProject section */

/* Begin PBXResourcesBuildPhase section */
		RESOURCES /* Resources */ = {
			isa = PBXResourcesBuildPhase;
			buildActionMask = 2147483647;
			files = (
				A22 /* Config.plist in Resources */,
			);
			runOnlyForDeploymentPostprocessing = 0;
		};
/* End PBXResourcesBuildPhase section */

/* Begin PBXSourcesBuildPhase section */
		SOURCES /* Sources */ = {
			isa = PBXSourcesBuildPhase;
			buildActionMask = 2147483647;
			files = (
				A01 /* DynocardsApp.swift in Sources */,
				A02 /* ContentView.swift in Sources */,
				A03 /* Flashcard.swift in Sources */,
				A04 /* User.swift in Sources */,
				A24 /* ExamSession.swift in Sources */,
				A05 /* CoreDataManager.swift in Sources */,
				A06 /* AIService.swift in Sources */,
				A07 /* AudioService.swift in Sources */,
				A08 /* NotificationService.swift in Sources */,
				A09 /* HomeView.swift in Sources */,
				A10 /* AddWordView.swift in Sources */,
				A11 /* StudyView.swift in Sources */,
				A12 /* DashboardView.swift in Sources */,
				A13 /* SettingsView.swift in Sources */,
				A14 /* Extensions.swift in Sources */,
				A15 /* Constants.swift in Sources */,
				A16 /* StudySessionViewModel.swift in Sources */,
				A17 /* Dynocards.xcdatamodeld in Sources */,
				A18 /* SharedComponents.swift in Sources */,
				A19 /* AllCardsView.swift in Sources */,
				A20 /* ExportDataView.swift in Sources */,
				A21 /* SubscriptionView.swift in Sources */,
				A25 /* AllWordsView.swift in Sources */,
				A23 /* CelebrationView.swift in Sources */,
			);
			runOnlyForDeploymentPostprocessing = 0;
		};
/* End PBXSourcesBuildPhase section */

/* Begin XCBuildConfiguration section */
		DEBUG /* Debug */ = {
			isa = XCBuildConfiguration;
			buildSettings = {
				ALWAYS_SEARCH_USER_PATHS = NO;
				ASSETCATALOG_COMPILER_GENERATE_SWIFT_ASSET_SYMBOL_EXTENSIONS = YES;
				CLANG_ANALYZER_NONNULL = YES;
				CLANG_ANALYZER_NUMBER_OBJECT_CONVERSION = YES_AGGRESSIVE;
				CLANG_CXX_LANGUAGE_STANDARD = "gnu++20";
				CLANG_ENABLE_MODULES = YES;
				CLANG_ENABLE_OBJC_ARC = YES;
				CLANG_ENABLE_OBJC_WEAK = YES;
				CLANG_WARN_BLOCK_CAPTURE_AUTORELEASING = YES;
				CLANG_WARN_BOOL_CONVERSION = YES;
				CLANG_WARN_COMMA = YES;
				CLANG_WARN_CONSTANT_CONVERSION = YES;
				CLANG_WARN_DEPRECATED_OBJC_IMPLEMENTATIONS = YES;
				CLANG_WARN_DIRECT_OBJC_ISA_USAGE = YES_ERROR;
				CLANG_WARN_DOCUMENTATION_COMMENTS = YES;
				CLANG_WARN_EMPTY_BODY = YES;
				CLANG_WARN_ENUM_CONVERSION = YES;
				CLANG_WARN_INFINITE_RECURSION = YES;
				CLANG_WARN_INT_CONVERSION = YES;
				CLANG_WARN_NON_LITERAL_NULL_CONVERSION = YES;
				CLANG_WARN_OBJC_IMPLICIT_RETAIN_SELF = YES;
				CLANG_WARN_OBJC_LITERAL_CONVERSION = YES;
				CLANG_WARN_OBJC_ROOT_CLASS = YES_ERROR;
				CLANG_WARN_QUOTED_INCLUDE_IN_FRAMEWORK_HEADER = YES;
				CLANG_WARN_RANGE_LOOP_ANALYSIS = YES;
				CLANG_WARN_STRICT_PROTOTYPES = YES;
				CLANG_WARN_SUSPICIOUS_MOVE = YES;
				CLANG_WARN_UNGUARDED_AVAILABILITY = YES_AGGRESSIVE;
				CLANG_WARN_UNREACHABLE_CODE = YES;
				CLANG_WARN__DUPLICATE_METHOD_MATCH = YES;
				COPY_PHASE_STRIP = NO;
				DEBUG_INFORMATION_FORMAT = dwarf;
				ENABLE_STRICT_OBJC_MSGSEND = YES;
				ENABLE_TESTABILITY = YES;
				ENABLE_USER_SCRIPT_SANDBOXING = YES;
				GCC_C_LANGUAGE_STANDARD = gnu17;
				GCC_DYNAMIC_NO_PIC = NO;
				GCC_NO_COMMON_BLOCKS = YES;
				GCC_OPTIMIZATION_LEVEL = 0;
				GCC_PREPROCESSOR_DEFINITIONS = (
					"DEBUG=1",
					"$(inherited)",
				);
				GCC_WARN_64_TO_32_BIT_CONVERSION = YES;
				GCC_WARN_ABOUT_RETURN_TYPE = YES_ERROR;
				GCC_WARN_UNDECLARED_SELECTOR = YES;
				GCC_WARN_UNINITIALIZED_AUTOS = YES_AGGRESSIVE;
				GCC_WARN_UNUSED_FUNCTION = YES;
				GCC_WARN_UNUSED_VARIABLE = YES;
				IPHONEOS_DEPLOYMENT_TARGET = 16.0;
				LOCALIZATION_PREFERS_STRING_CATALOGS = YES;
				MTL_ENABLE_DEBUG_INFO = INCLUDE_SOURCE;
				MTL_FAST_MATH = YES;
				ONLY_ACTIVE_ARCH = YES;
				SDKROOT = iphoneos;
				SWIFT_ACTIVE_COMPILATION_CONDITIONS = "DEBUG $(inherited)";
				SWIFT_OPTIMIZATION_LEVEL = "-Onone";
			};
			name = Debug;
		};
		RELEASE /* Release */ = {
			isa = XCBuildConfiguration;
			buildSettings = {
				ALWAYS_SEARCH_USER_PATHS = NO;
				ASSETCATALOG_COMPILER_GENERATE_SWIFT_ASSET_SYMBOL_EXTENSIONS = YES;
				CLANG_ANALYZER_NONNULL = YES;
				CLANG_ANALYZER_NUMBER_OBJECT_CONVERSION = YES_AGGRESSIVE;
				CLANG_CXX_LANGUAGE_STANDARD = "gnu++20";
				CLANG_ENABLE_MODULES = YES;
				CLANG_ENABLE_OBJC_ARC = YES;
				CLANG_ENABLE_OBJC_WEAK = YES;
				CLANG_WARN_BLOCK_CAPTURE_AUTORELEASING = YES;
				CLANG_WARN_BOOL_CONVERSION = YES;
				CLANG_WARN_COMMA = YES;
				CLANG_WARN_CONSTANT_CONVERSION = YES;
				CLANG_WARN_DEPRECATED_OBJC_IMPLEMENTATIONS = YES;
				CLANG_WARN_DIRECT_OBJC_ISA_USAGE = YES_ERROR;
				CLANG_WARN_DOCUMENTATION_COMMENTS = YES;
				CLANG_WARN_EMPTY_BODY = YES;
				CLANG_WARN_ENUM_CONVERSION = YES;
				CLANG_WARN_INFINITE_RECURSION = YES;
				CLANG_WARN_INT_CONVERSION = YES;
				CLANG_WARN_NON_LITERAL_NULL_CONVERSION = YES;
				CLANG_WARN_OBJC_IMPLICIT_RETAIN_SELF = YES;
				CLANG_WARN_OBJC_LITERAL_CONVERSION = YES;
				CLANG_WARN_OBJC_ROOT_CLASS = YES_ERROR;
				CLANG_WARN_QUOTED_INCLUDE_IN_FRAMEWORK_HEADER = YES;
				CLANG_WARN_RANGE_LOOP_ANALYSIS = YES;
				CLANG_WARN_STRICT_PROTOTYPES = YES;
				CLANG_WARN_SUSPICIOUS_MOVE = YES;
				CLANG_WARN_UNGUARDED_AVAILABILITY = YES_AGGRESSIVE;
				CLANG_WARN_UNREACHABLE_CODE = YES;
				CLANG_WARN__DUPLICATE_METHOD_MATCH = YES;
				COPY_PHASE_STRIP = NO;
				DEBUG_INFORMATION_FORMAT = "dwarf-with-dsym";
				ENABLE_NS_ASSERTIONS = NO;
				ENABLE_STRICT_OBJC_MSGSEND = YES;
				ENABLE_USER_SCRIPT_SANDBOXING = YES;
				GCC_C_LANGUAGE_STANDARD = gnu17;
				GCC_NO_COMMON_BLOCKS = YES;
				GCC_WARN_64_TO_32_BIT_CONVERSION = YES;
				GCC_WARN_ABOUT_RETURN_TYPE = YES_ERROR;
				GCC_WARN_UNDECLARED_SELECTOR = YES;
				GCC_WARN_UNINITIALIZED_AUTOS = YES_AGGRESSIVE;
				GCC_WARN_UNUSED_FUNCTION = YES;
				GCC_WARN_UNUSED_VARIABLE = YES;
				IPHONEOS_DEPLOYMENT_TARGET = 16.0;
				LOCALIZATION_PREFERS_STRING_CATALOGS = YES;
				MTL_ENABLE_DEBUG_INFO = NO;
				MTL_FAST_MATH = YES;
				SDKROOT = iphoneos;
				SWIFT_COMPILATION_MODE = wholemodule;
				VALIDATE_PRODUCT = YES;
			};
			name = Release;
		};
		APPDEBUG /* Debug */ = {
			isa = XCBuildConfiguration;
			buildSettings = {
				ASSETCATALOG_COMPILER_APPICON_NAME = AppIcon;
				ASSETCATALOG_COMPILER_GLOBAL_ACCENT_COLOR_NAME = AccentColor;
				CODE_SIGN_STYLE = Automatic;
				CURRENT_PROJECT_VERSION = 1;
				DEVELOPMENT_TEAM = "";
				ENABLE_PREVIEWS = YES;
				GENERATE_INFOPLIST_FILE = NO;
				INFOPLIST_FILE = Dynocards/Info.plist;
				INFOPLIST_KEY_UIApplicationSceneManifest_Generation = YES;
				INFOPLIST_KEY_UIApplicationSupportsIndirectInputEvents = YES;
				INFOPLIST_KEY_UILaunchScreen_Generation = YES;
				INFOPLIST_KEY_UISupportedInterfaceOrientations = UIInterfaceOrientationPortrait;
				INFOPLIST_KEY_UISupportedInterfaceOrientations_iPad = "UIInterfaceOrientationLandscapeLeft UIInterfaceOrientationLandscapeRight UIInterfaceOrientationPortrait UIInterfaceOrientationPortraitUpsideDown";
				LD_RUNPATH_SEARCH_PATHS = (
					"$(inherited)",
					"@executable_path/Frameworks",
				);
				MARKETING_VERSION = 1.0;
				PRODUCT_BUNDLE_IDENTIFIER = com.dynocards.app;
				PRODUCT_NAME = "$(TARGET_NAME)";
				SWIFT_EMIT_LOC_STRINGS = YES;
				SWIFT_VERSION = 5.0;
				TARGETED_DEVICE_FAMILY = "1,2";
			};
			name = Debug;
		};
		APPRELEASE /* Release */ = {
			isa = XCBuildConfiguration;
			buildSettings = {
				ASSETCATALOG_COMPILER_APPICON_NAME = AppIcon;
				ASSETCATALOG_COMPILER_GLOBAL_ACCENT_COLOR_NAME = AccentColor;
				CODE_SIGN_STYLE = Automatic;
				CURRENT_PROJECT_VERSION = 1;
				DEVELOPMENT_TEAM = "";
				ENABLE_PREVIEWS = YES;
				GENERATE_INFOPLIST_FILE = NO;
				INFOPLIST_FILE = Dynocards/Info.plist;
				INFOPLIST_KEY_UIApplicationSceneManifest_Generation = YES;
				INFOPLIST_KEY_UIApplicationSupportsIndirectInputEvents = YES;
				INFOPLIST_KEY_UILaunchScreen_Generation = YES;
				INFOPLIST_KEY_UISupportedInterfaceOrientations = UIInterfaceOrientationPortrait;
				INFOPLIST_KEY_UISupportedInterfaceOrientations_iPad = "UIInterfaceOrientationLandscapeLeft UIInterfaceOrientationLandscapeRight UIInterfaceOrientationPortrait UIInterfaceOrientationPortraitUpsideDown";
				LD_RUNPATH_SEARCH_PATHS = (
					"$(inherited)",
					"@executable_path/Frameworks",
				);
				MARKETING_VERSION = 1.0;
				PRODUCT_BUNDLE_IDENTIFIER = com.dynocards.app;
				PRODUCT_NAME = "$(TARGET_NAME)";
				SWIFT_EMIT_LOC_STRINGS = YES;
				SWIFT_VERSION = 5.0;
				TARGETED_DEVICE_FAMILY = "1,2";
			};
			name = Release;
		};
/* End XCBuildConfiguration section */

/* Begin XCConfigurationList section */
		PROJECTCONFIG /* Build configuration list for PBXProject "Dynocards" */ = {
			isa = XCConfigurationList;
			buildConfigurations = (
				DEBUG /* Debug */,
				RELEASE /* Release */,
			);
			defaultConfigurationIsVisible = 0;
			defaultConfigurationName = Release;
		};
		TARGETCONFIG /* Build configuration list for PBXNativeTarget "Dynocards" */ = {
			isa = XCConfigurationList;
			buildConfigurations = (
				APPDEBUG /* Debug */,
				APPRELEASE /* Release */,
			);
			defaultConfigurationIsVisible = 0;
			defaultConfigurationName = Release;
		};
/* End XCConfigurationList section */

/* Begin XCVersionGroup section */
		B17 /* Dynocards.xcdatamodeld */ = {
			isa = XCVersionGroup;
			children = (
				B19 /* Dynocards.xcdatamodel */,
			);
			currentVersion = B19 /* Dynocards.xcdatamodel */;
			path = Dynocards.xcdatamodeld;
			sourceTree = "<group>";
			versionGroupType = wrapper.xcdatamodel;
		};
/* End XCVersionGroup section */
	};
	rootObject = PROJECT /* Project object */;
} 